
Microsoft Visual Studio Solution File, Format Version 12.00
# Visual Studio Version 16
VisualStudioVersion = 16.0.29509.3
MinimumVisualStudioVersion = 10.0.40219.1
Project("{9A19103F-16F7-4668-BE54-9A1E7A4F7556}") = "Site", "Site\Site.csproj", "{4345034D-0DB6-4C8E-9183-9160DEC714BC}"
EndProject
Project("{FAE04EC0-301F-11D3-BF4B-00C04F79EFBC}") = "DAL", "DAL\DAL.csproj", "{51680491-2A18-4240-B993-EE80CC4D96CE}"
EndProject
Global
	GlobalSection(SolutionConfigurationPlatforms) = preSolution
		Debug|Any CPU = Debug|Any CPU
		Release|Any CPU = Release|Any CPU
	EndGlobalSection
	GlobalSection(ProjectConfigurationPlatforms) = postSolution
		{4345034D-0DB6-4C8E-9183-9160DEC714BC}.Debug|Any CPU.ActiveCfg = Debug|Any CPU
		{4345034D-0DB6-4C8E-9183-9160DEC714BC}.Debug|Any CPU.Build.0 = Debug|Any CPU
		{4345034D-0DB6-4C8E-9183-9160DEC714BC}.Release|Any CPU.ActiveCfg = Release|Any CPU
		{4345034D-0DB6-4C8E-9183-9160DEC714BC}.Release|Any CPU.Build.0 = Release|Any CPU
		{51680491-2A18-4240-B993-EE80CC4D96CE}.Debug|Any CPU.ActiveCfg = Debug|Any CPU
		{51680491-2A18-4240-B993-EE80CC4D96CE}.Debug|Any CPU.Build.0 = Debug|Any CPU
		{51680491-2A18-4240-B993-EE80CC4D96CE}.Release|Any CPU.ActiveCfg = Release|Any CPU
		{51680491-2A18-4240-B993-EE80CC4D96CE}.Release|Any CPU.Build.0 = Release|Any CPU
	EndGlobalSection
	GlobalSection(SolutionProperties) = preSolution
		HideSolutionNode = FALSE
	EndGlobalSection
	GlobalSection(ExtensibilityGlobals) = postSolution
		SolutionGuid = {EAD0C50F-A14C-4A36-97CC-8EDC62614CE2}
	EndGlobalSection
EndGlobal
